// !$*UTF8*$!
{
	archiveVersion = 1;
	classes = {
	};
	objectVersion = 46;
	objects = {

/* Begin PBXBuildFile section */
		7FB5DE4F1D14C5BC00813314 /* AppDelegate.swift in Sources */ = {isa = PBXBuildFile; fileRef = 7FB5DE4E1D14C5BC00813314 /* AppDelegate.swift */; };
		7FB5DE591D14C5BC00813314 /* LaunchScreen.storyboard in Resources */ = {isa = PBXBuildFile; fileRef = 7FB5DE571D14C5BC00813314 /* LaunchScreen.storyboard */; };
		7FB5DE611D14C5F100813314 /* Assets.xcassets in Resources */ = {isa = PBXBuildFile; fileRef = 7FB5DE601D14C5F100813314 /* Assets.xcassets */; };
		7FB5DE631D14C60900813314 /* Main.storyboard in Resources */ = {isa = PBXBuildFile; fileRef = 7FB5DE621D14C60900813314 /* Main.storyboard */; };
		7FB5DE681D14C62600813314 /* GameOverScene.swift in Sources */ = {isa = PBXBuildFile; fileRef = 7FB5DE641D14C62600813314 /* GameOverScene.swift */; };
		7FB5DE691D14C62600813314 /* GameScene.sks in Resources */ = {isa = PBXBuildFile; fileRef = 7FB5DE651D14C62600813314 /* GameScene.sks */; };
		7FB5DE6A1D14C62600813314 /* GameScene.swift in Sources */ = {isa = PBXBuildFile; fileRef = 7FB5DE661D14C62600813314 /* GameScene.swift */; };
		7FB5DE6B1D14C62600813314 /* GameViewController.swift in Sources */ = {isa = PBXBuildFile; fileRef = 7FB5DE671D14C62600813314 /* GameViewController.swift */; };
		7FB5DE701D14C63000813314 /* background-music-aac.caf in Resources */ = {isa = PBXBuildFile; fileRef = 7FB5DE6D1D14C63000813314 /* background-music-aac.caf */; };
		7FB5DE711D14C63000813314 /* pew-pew-lei.caf in Resources */ = {isa = PBXBuildFile; fileRef = 7FB5DE6E1D14C63000813314 /* pew-pew-lei.caf */; };
		7FB5DE721D14C63000813314 /* sprites.atlas in Resources */ = {isa = PBXBuildFile; fileRef = 7FB5DE6F1D14C63000813314 /* sprites.atlas */; };
		7FC231AC1D15217C000CA761 /* LoginViewController.swift in Sources */ = {isa = PBXBuildFile; fileRef = 7FC231AB1D15217C000CA761 /* LoginViewController.swift */; };
		7FC231AE1D1521B0000CA761 /* ViewController.swift in Sources */ = {isa = PBXBuildFile; fileRef = 7FC231AD1D1521B0000CA761 /* ViewController.swift */; };
		7FC231B01D1521BE000CA761 /* ScoreViewController.swift in Sources */ = {isa = PBXBuildFile; fileRef = 7FC231AF1D1521BE000CA761 /* ScoreViewController.swift */; };
		7FC231B31D160543000CA761 /* Sketch3D.otf in Resources */ = {isa = PBXBuildFile; fileRef = 7FC231B21D160526000CA761 /* Sketch3D.otf */; };
/* End PBXBuildFile section */

/* Begin PBXFileReference section */
		7FB5DE4B1D14C5BC00813314 /* EmojiThrower.app */ = {isa = PBXFileReference; explicitFileType = wrapper.application; includeInIndex = 0; path = EmojiThrower.app; sourceTree = BUILT_PRODUCTS_DIR; };
		7FB5DE4E1D14C5BC00813314 /* AppDelegate.swift */ = {isa = PBXFileReference; lastKnownFileType = sourcecode.swift; path = AppDelegate.swift; sourceTree = "<group>"; };
		7FB5DE581D14C5BC00813314 /* Base */ = {isa = PBXFileReference; lastKnownFileType = file.storyboard; name = Base; path = Base.lproj/LaunchScreen.storyboard; sourceTree = "<group>"; };
		7FB5DE5A1D14C5BC00813314 /* Info.plist */ = {isa = PBXFileReference; lastKnownFileType = text.plist.xml; path = Info.plist; sourceTree = "<group>"; };
		7FB5DE601D14C5F100813314 /* Assets.xcassets */ = {isa = PBXFileReference; lastKnownFileType = folder.assetcatalog; path = Assets.xcassets; sourceTree = "<group>"; };
		7FB5DE621D14C60900813314 /* Main.storyboard */ = {isa = PBXFileReference; fileEncoding = 4; lastKnownFileType = file.storyboard; path = Main.storyboard; sourceTree = "<group>"; };
		7FB5DE641D14C62600813314 /* GameOverScene.swift */ = {isa = PBXFileReference; fileEncoding = 4; lastKnownFileType = sourcecode.swift; path = GameOverScene.swift; sourceTree = "<group>"; };
		7FB5DE651D14C62600813314 /* GameScene.sks */ = {isa = PBXFileReference; lastKnownFileType = file.sks; path = GameScene.sks; sourceTree = "<group>"; };
		7FB5DE661D14C62600813314 /* GameScene.swift */ = {isa = PBXFileReference; fileEncoding = 4; lastKnownFileType = sourcecode.swift; path = GameScene.swift; sourceTree = "<group>"; };
		7FB5DE671D14C62600813314 /* GameViewController.swift */ = {isa = PBXFileReference; fileEncoding = 4; lastKnownFileType = sourcecode.swift; path = GameViewController.swift; sourceTree = "<group>"; };
		7FB5DE6D1D14C63000813314 /* background-music-aac.caf */ = {isa = PBXFileReference; lastKnownFileType = file; path = "background-music-aac.caf"; sourceTree = "<group>"; };
		7FB5DE6E1D14C63000813314 /* pew-pew-lei.caf */ = {isa = PBXFileReference; lastKnownFileType = file; path = "pew-pew-lei.caf"; sourceTree = "<group>"; };
		7FB5DE6F1D14C63000813314 /* sprites.atlas */ = {isa = PBXFileReference; lastKnownFileType = folder.skatlas; path = sprites.atlas; sourceTree = "<group>"; };
		7FC231AB1D15217C000CA761 /* LoginViewController.swift */ = {isa = PBXFileReference; fileEncoding = 4; lastKnownFileType = sourcecode.swift; path = LoginViewController.swift; sourceTree = "<group>"; };
		7FC231AD1D1521B0000CA761 /* ViewController.swift */ = {isa = PBXFileReference; fileEncoding = 4; lastKnownFileType = sourcecode.swift; path = ViewController.swift; sourceTree = "<group>"; };
		7FC231AF1D1521BE000CA761 /* ScoreViewController.swift */ = {isa = PBXFileReference; fileEncoding = 4; lastKnownFileType = sourcecode.swift; path = ScoreViewController.swift; sourceTree = "<group>"; };
		7FC231B21D160526000CA761 /* Sketch3D.otf */ = {isa = PBXFileReference; lastKnownFileType = file; path = Sketch3D.otf; sourceTree = "<group>"; };
/* End PBXFileReference section */

/* Begin PBXFrameworksBuildPhase section */
		7FB5DE481D14C5BC00813314 /* Frameworks */ = {
			isa = PBXFrameworksBuildPhase;
			buildActionMask = 2147483647;
			files = (
			);
			runOnlyForDeploymentPostprocessing = 0;
		};
/* End PBXFrameworksBuildPhase section */

/* Begin PBXGroup section */
		7FB5DE421D14C5BC00813314 = {
			isa = PBXGroup;
			children = (
				7FB5DE4D1D14C5BC00813314 /* EmojiThrower */,
				7FB5DE4C1D14C5BC00813314 /* Products */,
			);
			sourceTree = "<group>";
		};
		7FB5DE4C1D14C5BC00813314 /* Products */ = {
			isa = PBXGroup;
			children = (
				7FB5DE4B1D14C5BC00813314 /* EmojiThrower.app */,
			);
			name = Products;
			sourceTree = "<group>";
		};
		7FB5DE4D1D14C5BC00813314 /* EmojiThrower */ = {
			isa = PBXGroup;
			children = (
				7FB5DE4E1D14C5BC00813314 /* AppDelegate.swift */,
				7FC231B11D160513000CA761 /* Resources */,
				7FC231AA1D152141000CA761 /* Controllers */,
				7FB5DE621D14C60900813314 /* Main.storyboard */,
				7FB5DE641D14C62600813314 /* GameOverScene.swift */,
				7FB5DE651D14C62600813314 /* GameScene.sks */,
				7FB5DE661D14C62600813314 /* GameScene.swift */,
				7FB5DE6C1D14C63000813314 /* Sounds */,
				7FB5DE6F1D14C63000813314 /* sprites.atlas */,
				7FB5DE601D14C5F100813314 /* Assets.xcassets */,
				7FB5DE571D14C5BC00813314 /* LaunchScreen.storyboard */,
				7FB5DE5A1D14C5BC00813314 /* Info.plist */,
			);
			path = EmojiThrower;
			sourceTree = "<group>";
		};
		7FB5DE6C1D14C63000813314 /* Sounds */ = {
			isa = PBXGroup;
			children = (
				7FB5DE6D1D14C63000813314 /* background-music-aac.caf */,
				7FB5DE6E1D14C63000813314 /* pew-pew-lei.caf */,
			);
			path = Sounds;
			sourceTree = "<group>";
		};
		7FC231AA1D152141000CA761 /* Controllers */ = {
			isa = PBXGroup;
			children = (
				7FB5DE671D14C62600813314 /* GameViewController.swift */,
				7FC231AB1D15217C000CA761 /* LoginViewController.swift */,
				7FC231AD1D1521B0000CA761 /* ViewController.swift */,
				7FC231AF1D1521BE000CA761 /* ScoreViewController.swift */,
			);
			name = Controllers;
			sourceTree = "<group>";
		};
		7FC231B11D160513000CA761 /* Resources */ = {
			isa = PBXGroup;
			children = (
				7FC231B21D160526000CA761 /* Sketch3D.otf */,
			);
			name = Resources;
			sourceTree = "<group>";
		};
/* End PBXGroup section */

/* Begin PBXNativeTarget section */
		7FB5DE4A1D14C5BC00813314 /* EmojiThrower */ = {
			isa = PBXNativeTarget;
			buildConfigurationList = 7FB5DE5D1D14C5BC00813314 /* Build configuration list for PBXNativeTarget "EmojiThrower" */;
			buildPhases = (
				7FB5DE471D14C5BC00813314 /* Sources */,
				7FB5DE481D14C5BC00813314 /* Frameworks */,
				7FB5DE491D14C5BC00813314 /* Resources */,
			);
			buildRules = (
			);
			dependencies = (
			);
			name = EmojiThrower;
			productName = EmojiThrower;
			productReference = 7FB5DE4B1D14C5BC00813314 /* EmojiThrower.app */;
			productType = "com.apple.product-type.application";
		};
/* End PBXNativeTarget section */

/* Begin PBXProject section */
		7FB5DE431D14C5BC00813314 /* Project object */ = {
			isa = PBXProject;
			attributes = {
				LastSwiftUpdateCheck = 0800;
				LastUpgradeCheck = 0800;
				ORGANIZATIONNAME = GPJ;
				TargetAttributes = {
					7FB5DE4A1D14C5BC00813314 = {
						CreatedOnToolsVersion = 8.0;
						DevelopmentTeam = 53AF9EMAN4;
						DevelopmentTeamName = "Gareth Jones";
						ProvisioningStyle = Automatic;
					};
				};
			};
			buildConfigurationList = 7FB5DE461D14C5BC00813314 /* Build configuration list for PBXProject "EmojiThrower" */;
			compatibilityVersion = "Xcode 3.2";
			developmentRegion = English;
			hasScannedForEncodings = 0;
			knownRegions = (
				en,
				Base,
			);
			mainGroup = 7FB5DE421D14C5BC00813314;
			productRefGroup = 7FB5DE4C1D14C5BC00813314 /* Products */;
			projectDirPath = "";
			projectRoot = "";
			targets = (
				7FB5DE4A1D14C5BC00813314 /* EmojiThrower */,
			);
		};
/* End PBXProject section */

/* Begin PBXResourcesBuildPhase section */
		7FB5DE491D14C5BC00813314 /* Resources */ = {
			isa = PBXResourcesBuildPhase;
			buildActionMask = 2147483647;
			files = (
				7FC231B31D160543000CA761 /* Sketch3D.otf in Resources */,
				7FB5DE721D14C63000813314 /* sprites.atlas in Resources */,
				7FB5DE701D14C63000813314 /* background-music-aac.caf in Resources */,
				7FB5DE691D14C62600813314 /* GameScene.sks in Resources */,
				7FB5DE591D14C5BC00813314 /* LaunchScreen.storyboard in Resources */,
				7FB5DE611D14C5F100813314 /* Assets.xcassets in Resources */,
				7FB5DE631D14C60900813314 /* Main.storyboard in Resources */,
				7FB5DE711D14C63000813314 /* pew-pew-lei.caf in Resources */,
			);
			runOnlyForDeploymentPostprocessing = 0;
		};
/* End PBXResourcesBuildPhase section */

/* Begin PBXSourcesBuildPhase section */
		7FB5DE471D14C5BC00813314 /* Sources */ = {
			isa = PBXSourcesBuildPhase;
			buildActionMask = 2147483647;
			files = (
				7FC231B01D1521BE000CA761 /* ScoreViewController.swift in Sources */,
				7FC231AE1D1521B0000CA761 /* ViewController.swift in Sources */,
				7FC231AC1D15217C000CA761 /* LoginViewController.swift in Sources */,
				7FB5DE6B1D14C62600813314 /* GameViewController.swift in Sources */,
				7FB5DE681D14C62600813314 /* GameOverScene.swift in Sources */,
				7FB5DE6A1D14C62600813314 /* GameScene.swift in Sources */,
				7FB5DE4F1D14C5BC00813314 /* AppDelegate.swift in Sources */,
			);
			runOnlyForDeploymentPostprocessing = 0;
		};
/* End PBXSourcesBuildPhase section */

/* Begin PBXVariantGroup section */
		7FB5DE571D14C5BC00813314 /* LaunchScreen.storyboard */ = {
			isa = PBXVariantGroup;
			children = (
				7FB5DE581D14C5BC00813314 /* Base */,
			);
			name = LaunchScreen.storyboard;
			sourceTree = "<group>";
		};
/* End PBXVariantGroup section */

/* Begin XCBuildConfiguration section */
		7FB5DE5B1D14C5BC00813314 /* Debug */ = {
			isa = XCBuildConfiguration;
			buildSettings = {
				ALWAYS_SEARCH_USER_PATHS = NO;
				CLANG_ANALYZER_NONNULL = YES;
				CLANG_CXX_LANGUAGE_STANDARD = "gnu++0x";
				CLANG_CXX_LIBRARY = "libc++";
				CLANG_ENABLE_MODULES = YES;
				CLANG_ENABLE_OBJC_ARC = YES;
				CLANG_WARN_BOOL_CONVERSION = YES;
				CLANG_WARN_CONSTANT_CONVERSION = YES;
				CLANG_WARN_DIRECT_OBJC_ISA_USAGE = YES_ERROR;
				CLANG_WARN_DOCUMENTATION_COMMENTS = YES;
				CLANG_WARN_EMPTY_BODY = YES;
				CLANG_WARN_ENUM_CONVERSION = YES;
				CLANG_WARN_INT_CONVERSION = YES;
				CLANG_WARN_OBJC_ROOT_CLASS = YES_ERROR;
				CLANG_WARN_UNREACHABLE_CODE = YES;
				CLANG_WARN__DUPLICATE_METHOD_MATCH = YES;
				"CODE_SIGN_IDENTITY[sdk=iphoneos*]" = "iPhone Developer";
				COPY_PHASE_STRIP = NO;
				DEBUG_INFORMATION_FORMAT = dwarf;
				ENABLE_STRICT_OBJC_MSGSEND = YES;
				ENABLE_TESTABILITY = YES;
				GCC_C_LANGUAGE_STANDARD = gnu99;
				GCC_DYNAMIC_NO_PIC = NO;
				GCC_NO_COMMON_BLOCKS = YES;
				GCC_OPTIMIZATION_LEVEL = 0;
				GCC_PREPROCESSOR_DEFINITIONS = (
					"DEBUG=1",
					"$(inherited)",
				);
				GCC_WARN_64_TO_32_BIT_CONVERSION = YES;
				GCC_WARN_ABOUT_RETURN_TYPE = YES_ERROR;
				GCC_WARN_UNDECLARED_SELECTOR = YES;
				GCC_WARN_UNINITIALIZED_AUTOS = YES_AGGRESSIVE;
				GCC_WARN_UNUSED_FUNCTION = YES;
				GCC_WARN_UNUSED_VARIABLE = YES;
				IPHONEOS_DEPLOYMENT_TARGET = 10.0;
				MTL_ENABLE_DEBUG_INFO = YES;
				ONLY_ACTIVE_ARCH = YES;
				SDKROOT = iphoneos;
				SWIFT_ACTIVE_COMPILATION_CONDITIONS = DEBUG;
				SWIFT_OPTIMIZATION_LEVEL = "-Onone";
				TARGETED_DEVICE_FAMILY = "1,2";
			};
			name = Debug;
		};
		7FB5DE5C1D14C5BC00813314 /* Release */ = {
			isa = XCBuildConfiguration;
			buildSettings = {
				ALWAYS_SEARCH_USER_PATHS = NO;
				CLANG_ANALYZER_NONNULL = YES;
				CLANG_CXX_LANGUAGE_STANDARD = "gnu++0x";
				CLANG_CXX_LIBRARY = "libc++";
				CLANG_ENABLE_MODULES = YES;
				CLANG_ENABLE_OBJC_ARC = YES;
				CLANG_WARN_BOOL_CONVERSION = YES;
				CLANG_WARN_CONSTANT_CONVERSION = YES;
				CLANG_WARN_DIRECT_OBJC_ISA_USAGE = YES_ERROR;
				CLANG_WARN_DOCUMENTATION_COMMENTS = YES;
				CLANG_WARN_EMPTY_BODY = YES;
				CLANG_WARN_ENUM_CONVERSION = YES;
				CLANG_WARN_INT_CONVERSION = YES;
				CLANG_WARN_OBJC_ROOT_CLASS = YES_ERROR;
				CLANG_WARN_UNREACHABLE_CODE = YES;
				CLANG_WARN__DUPLICATE_METHOD_MATCH = YES;
				"CODE_SIGN_IDENTITY[sdk=iphoneos*]" = "iPhone Developer";
				COPY_PHASE_STRIP = NO;
				DEBUG_INFORMATION_FORMAT = "dwarf-with-dsym";
				ENABLE_NS_ASSERTIONS = NO;
				ENABLE_STRICT_OBJC_MSGSEND = YES;
				GCC_C_LANGUAGE_STANDARD = gnu99;
				GCC_NO_COMMON_BLOCKS = YES;
				GCC_WARN_64_TO_32_BIT_CONVERSION = YES;
				GCC_WARN_ABOUT_RETURN_TYPE = YES_ERROR;
				GCC_WARN_UNDECLARED_SELECTOR = YES;
				GCC_WARN_UNINITIALIZED_AUTOS = YES_AGGRESSIVE;
				GCC_WARN_UNUSED_FUNCTION = YES;
				GCC_WARN_UNUSED_VARIABLE = YES;
				IPHONEOS_DEPLOYMENT_TARGET = 10.0;
				MTL_ENABLE_DEBUG_INFO = NO;
				SDKROOT = iphoneos;
				SWIFT_OPTIMIZATION_LEVEL = "-Owholemodule";
				TARGETED_DEVICE_FAMILY = "1,2";
				VALIDATE_PRODUCT = YES;
			};
			name = Release;
		};
		7FB5DE5E1D14C5BC00813314 /* Debug */ = {
			isa = XCBuildConfiguration;
			buildSettings = {
				ASSETCATALOG_COMPILER_APPICON_NAME = AppIcon;
				INFOPLIST_FILE = EmojiThrower/Info.plist;
				LD_RUNPATH_SEARCH_PATHS = "$(inherited) @executable_path/Frameworks";
				PRODUCT_BUNDLE_IDENTIFIER = com.gpj.EmojiThrower;
				PRODUCT_NAME = "$(TARGET_NAME)";
				SWIFT_VERSION = 3.0;
			};
			name = Debug;
		};
		7FB5DE5F1D14C5BC00813314 /* Release */ = {
			isa = XCBuildConfiguration;
			buildSettings = {
				ASSETCATALOG_COMPILER_APPICON_NAME = AppIcon;
				INFOPLIST_FILE = EmojiThrower/Info.plist;
				LD_RUNPATH_SEARCH_PATHS = "$(inherited) @executable_path/Frameworks";
				PRODUCT_BUNDLE_IDENTIFIER = com.gpj.EmojiThrower;
				PRODUCT_NAME = "$(TARGET_NAME)";
				SWIFT_OPTIMIZATION_LEVEL = "-Onone";
				SWIFT_VERSION = 3.0;
			};
			name = Release;
		};
/* End XCBuildConfiguration section */

/* Begin XCConfigurationList section */
		7FB5DE461D14C5BC00813314 /* Build configuration list for PBXProject "EmojiThrower" */ = {
			isa = XCConfigurationList;
			buildConfigurations = (
				7FB5DE5B1D14C5BC00813314 /* Debug */,
				7FB5DE5C1D14C5BC00813314 /* Release */,
			);
			defaultConfigurationIsVisible = 0;
			defaultConfigurationName = Release;
		};
		7FB5DE5D1D14C5BC00813314 /* Build configuration list for PBXNativeTarget "EmojiThrower" */ = {
			isa = XCConfigurationList;
			buildConfigurations = (
				7FB5DE5E1D14C5BC00813314 /* Debug */,
				7FB5DE5F1D14C5BC00813314 /* Release */,
			);
			defaultConfigurationIsVisible = 0;
			defaultConfigurationName = Release;
		};
/* End XCConfigurationList section */
	};
	rootObject = 7FB5DE431D14C5BC00813314 /* Project object */;
}
